
Microsoft Visual Studio Solution File, Format Version 12.00
Project("{FAE04EC0-301F-11D3-BF4B-00C04F79EFBC}") = "ariefmahendra.Server", "ariefmahendra.Server\ariefmahendra.Server.csproj", "{C52F46F8-0BFB-4AB6-BA04-C90C487E8695}"
EndProject
Global
	GlobalSection(SolutionConfigurationPlatforms) = preSolution
		Debug|Any CPU = Debug|Any CPU
		Release|Any CPU = Release|Any CPU
	EndGlobalSection
	GlobalSection(ProjectConfigurationPlatforms) = postSolution
		{C52F46F8-0BFB-4AB6-BA04-C90C487E8695}.Debug|Any CPU.ActiveCfg = Debug|Any CPU
		{C52F46F8-0BFB-4AB6-BA04-C90C487E8695}.Debug|Any CPU.Build.0 = Debug|Any CPU
		{C52F46F8-0BFB-4AB6-BA04-C90C487E8695}.Release|Any CPU.ActiveCfg = Release|Any CPU
		{C52F46F8-0BFB-4AB6-BA04-C90C487E8695}.Release|Any CPU.Build.0 = Release|Any CPU
	EndGlobalSection
EndGlobal
